
Microsoft Visual Studio Solution File, Format Version 12.00
Project("{FAE04EC0-301F-11D3-BF4B-00C04F79EFBC}") = "WillCodeForBeer", "WillCodeForBeer\WillCodeForBeer.csproj", "{AB042E1C-D022-4805-9426-654CACD52039}"
EndProject
Global
	GlobalSection(SolutionConfigurationPlatforms) = preSolution
		Debug|Any CPU = Debug|Any CPU
		Release|Any CPU = Release|Any CPU
	EndGlobalSection
	GlobalSection(ProjectConfigurationPlatforms) = postSolution
		{AB042E1C-D022-4805-9426-654CACD52039}.Debug|Any CPU.ActiveCfg = Debug|Any CPU
		{AB042E1C-D022-4805-9426-654CACD52039}.Debug|Any CPU.Build.0 = Debug|Any CPU
		{AB042E1C-D022-4805-9426-654CACD52039}.Release|Any CPU.ActiveCfg = Release|Any CPU
		{AB042E1C-D022-4805-9426-654CACD52039}.Release|Any CPU.Build.0 = Release|Any CPU
	EndGlobalSection
EndGlobal
